
Microsoft Visual Studio Solution File, Format Version 12.00
# Visual Studio Version 17
VisualStudioVersion = 17.9.34728.123
MinimumVisualStudioVersion = 10.0.40219.1
Project("{9A19103F-16F7-4668-BE54-9A1E7A4F7556}") = "XpsFilePrint", "XpsFilePrint\XpsFilePrint.csproj", "{A519237A-3B42-4DDC-987B-072853599278}"
EndProject
Project("{9A19103F-16F7-4668-BE54-9A1E7A4F7556}") = "DirectNAot", "DirectNAot\DirectNAot\DirectNAot.csproj", "{EDA630FD-847D-4056-90E3-83F9203F5F7F}"
EndProject
Project("{9A19103F-16F7-4668-BE54-9A1E7A4F7556}") = "DirectNAot.Extensions", "DirectNAot\DirectNAot.Extensions\DirectNAot.Extensions.csproj", "{209B675E-C9C6-4535-9CD9-47968AD2CD3E}"
EndProject
Project("{9A19103F-16F7-4668-BE54-9A1E7A4F7556}") = "PdfFilePrint", "PdfFilePrint\PdfFilePrint.csproj", "{EC76BB5B-F24C-45D0-AF40-1528C6D4BC4C}"
EndProject
Project("{FAE04EC0-301F-11D3-BF4B-00C04F79EFBC}") = "CustomPrintDocument", "CustomPrintDocument\CustomPrintDocument.csproj", "{C5CEC2C2-5838-4732-9BE9-5C74D9CA966A}"
EndProject
Global
	GlobalSection(SolutionConfigurationPlatforms) = preSolution
		Debug|Any CPU = Debug|Any CPU
		Debug|ARM64 = Debug|ARM64
		Debug|x64 = Debug|x64
		Debug|x86 = Debug|x86
		Release|Any CPU = Release|Any CPU
		Release|ARM64 = Release|ARM64
		Release|x64 = Release|x64
		Release|x86 = Release|x86
	EndGlobalSection
	GlobalSection(ProjectConfigurationPlatforms) = postSolution
		{A519237A-3B42-4DDC-987B-072853599278}.Debug|Any CPU.ActiveCfg = Debug|Any CPU
		{A519237A-3B42-4DDC-987B-072853599278}.Debug|Any CPU.Build.0 = Debug|Any CPU
		{A519237A-3B42-4DDC-987B-072853599278}.Debug|ARM64.ActiveCfg = Debug|Any CPU
		{A519237A-3B42-4DDC-987B-072853599278}.Debug|ARM64.Build.0 = Debug|Any CPU
		{A519237A-3B42-4DDC-987B-072853599278}.Debug|x64.ActiveCfg = Debug|Any CPU
		{A519237A-3B42-4DDC-987B-072853599278}.Debug|x64.Build.0 = Debug|Any CPU
		{A519237A-3B42-4DDC-987B-072853599278}.Debug|x86.ActiveCfg = Debug|Any CPU
		{A519237A-3B42-4DDC-987B-072853599278}.Debug|x86.Build.0 = Debug|Any CPU
		{A519237A-3B42-4DDC-987B-072853599278}.Release|Any CPU.ActiveCfg = Release|Any CPU
		{A519237A-3B42-4DDC-987B-072853599278}.Release|Any CPU.Build.0 = Release|Any CPU
		{A519237A-3B42-4DDC-987B-072853599278}.Release|ARM64.ActiveCfg = Release|Any CPU
		{A519237A-3B42-4DDC-987B-072853599278}.Release|ARM64.Build.0 = Release|Any CPU
		{A519237A-3B42-4DDC-987B-072853599278}.Release|x64.ActiveCfg = Release|Any CPU
		{A519237A-3B42-4DDC-987B-072853599278}.Release|x64.Build.0 = Release|Any CPU
		{A519237A-3B42-4DDC-987B-072853599278}.Release|x86.ActiveCfg = Release|Any CPU
		{A519237A-3B42-4DDC-987B-072853599278}.Release|x86.Build.0 = Release|Any CPU
		{EDA630FD-847D-4056-90E3-83F9203F5F7F}.Debug|Any CPU.ActiveCfg = Debug|Any CPU
		{EDA630FD-847D-4056-90E3-83F9203F5F7F}.Debug|Any CPU.Build.0 = Debug|Any CPU
		{EDA630FD-847D-4056-90E3-83F9203F5F7F}.Debug|ARM64.ActiveCfg = Debug|Any CPU
		{EDA630FD-847D-4056-90E3-83F9203F5F7F}.Debug|ARM64.Build.0 = Debug|Any CPU
		{EDA630FD-847D-4056-90E3-83F9203F5F7F}.Debug|x64.ActiveCfg = Debug|Any CPU
		{EDA630FD-847D-4056-90E3-83F9203F5F7F}.Debug|x64.Build.0 = Debug|Any CPU
		{EDA630FD-847D-4056-90E3-83F9203F5F7F}.Debug|x86.ActiveCfg = Debug|Any CPU
		{EDA630FD-847D-4056-90E3-83F9203F5F7F}.Debug|x86.Build.0 = Debug|Any CPU
		{EDA630FD-847D-4056-90E3-83F9203F5F7F}.Release|Any CPU.ActiveCfg = Release|Any CPU
		{EDA630FD-847D-4056-90E3-83F9203F5F7F}.Release|Any CPU.Build.0 = Release|Any CPU
		{EDA630FD-847D-4056-90E3-83F9203F5F7F}.Release|ARM64.ActiveCfg = Release|Any CPU
		{EDA630FD-847D-4056-90E3-83F9203F5F7F}.Release|ARM64.Build.0 = Release|Any CPU
		{EDA630FD-847D-4056-90E3-83F9203F5F7F}.Release|x64.ActiveCfg = Release|Any CPU
		{EDA630FD-847D-4056-90E3-83F9203F5F7F}.Release|x64.Build.0 = Release|Any CPU
		{EDA630FD-847D-4056-90E3-83F9203F5F7F}.Release|x86.ActiveCfg = Release|Any CPU
		{EDA630FD-847D-4056-90E3-83F9203F5F7F}.Release|x86.Build.0 = Release|Any CPU
		{209B675E-C9C6-4535-9CD9-47968AD2CD3E}.Debug|Any CPU.ActiveCfg = Debug|Any CPU
		{209B675E-C9C6-4535-9CD9-47968AD2CD3E}.Debug|Any CPU.Build.0 = Debug|Any CPU
		{209B675E-C9C6-4535-9CD9-47968AD2CD3E}.Debug|ARM64.ActiveCfg = Debug|Any CPU
		{209B675E-C9C6-4535-9CD9-47968AD2CD3E}.Debug|ARM64.Build.0 = Debug|Any CPU
		{209B675E-C9C6-4535-9CD9-47968AD2CD3E}.Debug|x64.ActiveCfg = Debug|Any CPU
		{209B675E-C9C6-4535-9CD9-47968AD2CD3E}.Debug|x64.Build.0 = Debug|Any CPU
		{209B675E-C9C6-4535-9CD9-47968AD2CD3E}.Debug|x86.ActiveCfg = Debug|Any CPU
		{209B675E-C9C6-4535-9CD9-47968AD2CD3E}.Debug|x86.Build.0 = Debug|Any CPU
		{209B675E-C9C6-4535-9CD9-47968AD2CD3E}.Release|Any CPU.ActiveCfg = Release|Any CPU
		{209B675E-C9C6-4535-9CD9-47968AD2CD3E}.Release|Any CPU.Build.0 = Release|Any CPU
		{209B675E-C9C6-4535-9CD9-47968AD2CD3E}.Release|ARM64.ActiveCfg = Release|Any CPU
		{209B675E-C9C6-4535-9CD9-47968AD2CD3E}.Release|ARM64.Build.0 = Release|Any CPU
		{209B675E-C9C6-4535-9CD9-47968AD2CD3E}.Release|x64.ActiveCfg = Release|Any CPU
		{209B675E-C9C6-4535-9CD9-47968AD2CD3E}.Release|x64.Build.0 = Release|Any CPU
		{209B675E-C9C6-4535-9CD9-47968AD2CD3E}.Release|x86.ActiveCfg = Release|Any CPU
		{209B675E-C9C6-4535-9CD9-47968AD2CD3E}.Release|x86.Build.0 = Release|Any CPU
		{EC76BB5B-F24C-45D0-AF40-1528C6D4BC4C}.Debug|Any CPU.ActiveCfg = Debug|Any CPU
		{EC76BB5B-F24C-45D0-AF40-1528C6D4BC4C}.Debug|Any CPU.Build.0 = Debug|Any CPU
		{EC76BB5B-F24C-45D0-AF40-1528C6D4BC4C}.Debug|ARM64.ActiveCfg = Debug|Any CPU
		{EC76BB5B-F24C-45D0-AF40-1528C6D4BC4C}.Debug|ARM64.Build.0 = Debug|Any CPU
		{EC76BB5B-F24C-45D0-AF40-1528C6D4BC4C}.Debug|x64.ActiveCfg = Debug|Any CPU
		{EC76BB5B-F24C-45D0-AF40-1528C6D4BC4C}.Debug|x64.Build.0 = Debug|Any CPU
		{EC76BB5B-F24C-45D0-AF40-1528C6D4BC4C}.Debug|x86.ActiveCfg = Debug|Any CPU
		{EC76BB5B-F24C-45D0-AF40-1528C6D4BC4C}.Debug|x86.Build.0 = Debug|Any CPU
		{EC76BB5B-F24C-45D0-AF40-1528C6D4BC4C}.Release|Any CPU.ActiveCfg = Release|Any CPU
		{EC76BB5B-F24C-45D0-AF40-1528C6D4BC4C}.Release|Any CPU.Build.0 = Release|Any CPU
		{EC76BB5B-F24C-45D0-AF40-1528C6D4BC4C}.Release|ARM64.ActiveCfg = Release|Any CPU
		{EC76BB5B-F24C-45D0-AF40-1528C6D4BC4C}.Release|ARM64.Build.0 = Release|Any CPU
		{EC76BB5B-F24C-45D0-AF40-1528C6D4BC4C}.Release|x64.ActiveCfg = Release|Any CPU
		{EC76BB5B-F24C-45D0-AF40-1528C6D4BC4C}.Release|x64.Build.0 = Release|Any CPU
		{EC76BB5B-F24C-45D0-AF40-1528C6D4BC4C}.Release|x86.ActiveCfg = Release|Any CPU
		{EC76BB5B-F24C-45D0-AF40-1528C6D4BC4C}.Release|x86.Build.0 = Release|Any CPU
		{C5CEC2C2-5838-4732-9BE9-5C74D9CA966A}.Debug|Any CPU.ActiveCfg = Debug|x64
		{C5CEC2C2-5838-4732-9BE9-5C74D9CA966A}.Debug|Any CPU.Build.0 = Debug|x64
		{C5CEC2C2-5838-4732-9BE9-5C74D9CA966A}.Debug|Any CPU.Deploy.0 = Debug|x64
		{C5CEC2C2-5838-4732-9BE9-5C74D9CA966A}.Debug|ARM64.ActiveCfg = Debug|ARM64
		{C5CEC2C2-5838-4732-9BE9-5C74D9CA966A}.Debug|ARM64.Build.0 = Debug|ARM64
		{C5CEC2C2-5838-4732-9BE9-5C74D9CA966A}.Debug|ARM64.Deploy.0 = Debug|ARM64
		{C5CEC2C2-5838-4732-9BE9-5C74D9CA966A}.Debug|x64.ActiveCfg = Debug|x64
		{C5CEC2C2-5838-4732-9BE9-5C74D9CA966A}.Debug|x64.Build.0 = Debug|x64
		{C5CEC2C2-5838-4732-9BE9-5C74D9CA966A}.Debug|x64.Deploy.0 = Debug|x64
		{C5CEC2C2-5838-4732-9BE9-5C74D9CA966A}.Debug|x86.ActiveCfg = Debug|x86
		{C5CEC2C2-5838-4732-9BE9-5C74D9CA966A}.Debug|x86.Build.0 = Debug|x86
		{C5CEC2C2-5838-4732-9BE9-5C74D9CA966A}.Debug|x86.Deploy.0 = Debug|x86
		{C5CEC2C2-5838-4732-9BE9-5C74D9CA966A}.Release|Any CPU.ActiveCfg = Release|x64
		{C5CEC2C2-5838-4732-9BE9-5C74D9CA966A}.Release|Any CPU.Build.0 = Release|x64
		{C5CEC2C2-5838-4732-9BE9-5C74D9CA966A}.Release|Any CPU.Deploy.0 = Release|x64
		{C5CEC2C2-5838-4732-9BE9-5C74D9CA966A}.Release|ARM64.ActiveCfg = Release|ARM64
		{C5CEC2C2-5838-4732-9BE9-5C74D9CA966A}.Release|ARM64.Build.0 = Release|ARM64
		{C5CEC2C2-5838-4732-9BE9-5C74D9CA966A}.Release|ARM64.Deploy.0 = Release|ARM64
		{C5CEC2C2-5838-4732-9BE9-5C74D9CA966A}.Release|x64.ActiveCfg = Release|x64
		{C5CEC2C2-5838-4732-9BE9-5C74D9CA966A}.Release|x64.Build.0 = Release|x64
		{C5CEC2C2-5838-4732-9BE9-5C74D9CA966A}.Release|x64.Deploy.0 = Release|x64
		{C5CEC2C2-5838-4732-9BE9-5C74D9CA966A}.Release|x86.ActiveCfg = Release|x86
		{C5CEC2C2-5838-4732-9BE9-5C74D9CA966A}.Release|x86.Build.0 = Release|x86
		{C5CEC2C2-5838-4732-9BE9-5C74D9CA966A}.Release|x86.Deploy.0 = Release|x86
	EndGlobalSection
	GlobalSection(SolutionProperties) = preSolution
		HideSolutionNode = FALSE
	EndGlobalSection
	GlobalSection(ExtensibilityGlobals) = postSolution
		SolutionGuid = {F52B221A-AB0C-4052-837D-AFFA883A3207}
	EndGlobalSection
EndGlobal
