
Microsoft Visual Studio Solution File, Format Version 12.00
# Visual Studio Version 17
VisualStudioVersion = 17.9.34728.123
MinimumVisualStudioVersion = 10.0.40219.1
Project("{9A19103F-16F7-4668-BE54-9A1E7A4F7556}") = "XpsFilePrint", "XpsFilePrint\XpsFilePrint.csproj", "{A519237A-3B42-4DDC-987B-072853599278}"
EndProject
Project("{9A19103F-16F7-4668-BE54-9A1E7A4F7556}") = "PdfFilePrint", "PdfFilePrint\PdfFilePrint.csproj", "{EC76BB5B-F24C-45D0-AF40-1528C6D4BC4C}"
EndProject
Project("{9A19103F-16F7-4668-BE54-9A1E7A4F7556}") = "CustomPrintDocument", "CustomPrintDocument\CustomPrintDocument.csproj", "{C5CEC2C2-5838-4732-9BE9-5C74D9CA966A}"
EndProject
Project("{9A19103F-16F7-4668-BE54-9A1E7A4F7556}") = "CustomPrintDocumentAot", "CustomPrintDocumentAot\CustomPrintDocumentAot.csproj", "{E57421D1-6170-4970-9EC5-91699949B284}"
EndProject
Global
	GlobalSection(SolutionConfigurationPlatforms) = preSolution
		Debug|Any CPU = Debug|Any CPU
		Debug|ARM64 = Debug|ARM64
		Debug|x64 = Debug|x64
		Release|Any CPU = Release|Any CPU
		Release|ARM64 = Release|ARM64
		Release|x64 = Release|x64
	EndGlobalSection
	GlobalSection(ProjectConfigurationPlatforms) = postSolution
		{A519237A-3B42-4DDC-987B-072853599278}.Debug|Any CPU.ActiveCfg = Debug|Any CPU
		{A519237A-3B42-4DDC-987B-072853599278}.Debug|Any CPU.Build.0 = Debug|Any CPU
		{A519237A-3B42-4DDC-987B-072853599278}.Debug|ARM64.ActiveCfg = Debug|Any CPU
		{A519237A-3B42-4DDC-987B-072853599278}.Debug|ARM64.Build.0 = Debug|Any CPU
		{A519237A-3B42-4DDC-987B-072853599278}.Debug|x64.ActiveCfg = Debug|Any CPU
		{A519237A-3B42-4DDC-987B-072853599278}.Debug|x64.Build.0 = Debug|Any CPU
		{A519237A-3B42-4DDC-987B-072853599278}.Release|Any CPU.ActiveCfg = Release|Any CPU
		{A519237A-3B42-4DDC-987B-072853599278}.Release|Any CPU.Build.0 = Release|Any CPU
		{A519237A-3B42-4DDC-987B-072853599278}.Release|ARM64.ActiveCfg = Release|Any CPU
		{A519237A-3B42-4DDC-987B-072853599278}.Release|ARM64.Build.0 = Release|Any CPU
		{A519237A-3B42-4DDC-987B-072853599278}.Release|x64.ActiveCfg = Release|Any CPU
		{A519237A-3B42-4DDC-987B-072853599278}.Release|x64.Build.0 = Release|Any CPU
		{EC76BB5B-F24C-45D0-AF40-1528C6D4BC4C}.Debug|Any CPU.ActiveCfg = Debug|Any CPU
		{EC76BB5B-F24C-45D0-AF40-1528C6D4BC4C}.Debug|Any CPU.Build.0 = Debug|Any CPU
		{EC76BB5B-F24C-45D0-AF40-1528C6D4BC4C}.Debug|ARM64.ActiveCfg = Debug|Any CPU
		{EC76BB5B-F24C-45D0-AF40-1528C6D4BC4C}.Debug|ARM64.Build.0 = Debug|Any CPU
		{EC76BB5B-F24C-45D0-AF40-1528C6D4BC4C}.Debug|x64.ActiveCfg = Debug|Any CPU
		{EC76BB5B-F24C-45D0-AF40-1528C6D4BC4C}.Debug|x64.Build.0 = Debug|Any CPU
		{EC76BB5B-F24C-45D0-AF40-1528C6D4BC4C}.Release|Any CPU.ActiveCfg = Release|Any CPU
		{EC76BB5B-F24C-45D0-AF40-1528C6D4BC4C}.Release|Any CPU.Build.0 = Release|Any CPU
		{EC76BB5B-F24C-45D0-AF40-1528C6D4BC4C}.Release|ARM64.ActiveCfg = Release|Any CPU
		{EC76BB5B-F24C-45D0-AF40-1528C6D4BC4C}.Release|ARM64.Build.0 = Release|Any CPU
		{EC76BB5B-F24C-45D0-AF40-1528C6D4BC4C}.Release|x64.ActiveCfg = Release|Any CPU
		{EC76BB5B-F24C-45D0-AF40-1528C6D4BC4C}.Release|x64.Build.0 = Release|Any CPU
		{C5CEC2C2-5838-4732-9BE9-5C74D9CA966A}.Debug|Any CPU.ActiveCfg = Debug|x64
		{C5CEC2C2-5838-4732-9BE9-5C74D9CA966A}.Debug|Any CPU.Build.0 = Debug|x64
		{C5CEC2C2-5838-4732-9BE9-5C74D9CA966A}.Debug|Any CPU.Deploy.0 = Debug|x64
		{C5CEC2C2-5838-4732-9BE9-5C74D9CA966A}.Debug|ARM64.ActiveCfg = Debug|ARM64
		{C5CEC2C2-5838-4732-9BE9-5C74D9CA966A}.Debug|ARM64.Build.0 = Debug|ARM64
		{C5CEC2C2-5838-4732-9BE9-5C74D9CA966A}.Debug|ARM64.Deploy.0 = Debug|ARM64
		{C5CEC2C2-5838-4732-9BE9-5C74D9CA966A}.Debug|x64.ActiveCfg = Debug|x64
		{C5CEC2C2-5838-4732-9BE9-5C74D9CA966A}.Debug|x64.Build.0 = Debug|x64
		{C5CEC2C2-5838-4732-9BE9-5C74D9CA966A}.Debug|x64.Deploy.0 = Debug|x64
		{C5CEC2C2-5838-4732-9BE9-5C74D9CA966A}.Release|Any CPU.ActiveCfg = Release|x64
		{C5CEC2C2-5838-4732-9BE9-5C74D9CA966A}.Release|Any CPU.Build.0 = Release|x64
		{C5CEC2C2-5838-4732-9BE9-5C74D9CA966A}.Release|Any CPU.Deploy.0 = Release|x64
		{C5CEC2C2-5838-4732-9BE9-5C74D9CA966A}.Release|ARM64.ActiveCfg = Release|ARM64
		{C5CEC2C2-5838-4732-9BE9-5C74D9CA966A}.Release|ARM64.Build.0 = Release|ARM64
		{C5CEC2C2-5838-4732-9BE9-5C74D9CA966A}.Release|ARM64.Deploy.0 = Release|ARM64
		{C5CEC2C2-5838-4732-9BE9-5C74D9CA966A}.Release|x64.ActiveCfg = Release|x64
		{C5CEC2C2-5838-4732-9BE9-5C74D9CA966A}.Release|x64.Build.0 = Release|x64
		{C5CEC2C2-5838-4732-9BE9-5C74D9CA966A}.Release|x64.Deploy.0 = Release|x64
		{E57421D1-6170-4970-9EC5-91699949B284}.Debug|Any CPU.ActiveCfg = Debug|x64
		{E57421D1-6170-4970-9EC5-91699949B284}.Debug|Any CPU.Build.0 = Debug|x64
		{E57421D1-6170-4970-9EC5-91699949B284}.Debug|Any CPU.Deploy.0 = Debug|x64
		{E57421D1-6170-4970-9EC5-91699949B284}.Debug|ARM64.ActiveCfg = Debug|ARM64
		{E57421D1-6170-4970-9EC5-91699949B284}.Debug|ARM64.Build.0 = Debug|ARM64
		{E57421D1-6170-4970-9EC5-91699949B284}.Debug|ARM64.Deploy.0 = Debug|ARM64
		{E57421D1-6170-4970-9EC5-91699949B284}.Debug|x64.ActiveCfg = Debug|x64
		{E57421D1-6170-4970-9EC5-91699949B284}.Debug|x64.Build.0 = Debug|x64
		{E57421D1-6170-4970-9EC5-91699949B284}.Debug|x64.Deploy.0 = Debug|x64
		{E57421D1-6170-4970-9EC5-91699949B284}.Release|Any CPU.ActiveCfg = Release|x64
		{E57421D1-6170-4970-9EC5-91699949B284}.Release|Any CPU.Build.0 = Release|x64
		{E57421D1-6170-4970-9EC5-91699949B284}.Release|Any CPU.Deploy.0 = Release|x64
		{E57421D1-6170-4970-9EC5-91699949B284}.Release|ARM64.ActiveCfg = Release|ARM64
		{E57421D1-6170-4970-9EC5-91699949B284}.Release|ARM64.Build.0 = Release|ARM64
		{E57421D1-6170-4970-9EC5-91699949B284}.Release|ARM64.Deploy.0 = Release|ARM64
		{E57421D1-6170-4970-9EC5-91699949B284}.Release|x64.ActiveCfg = Release|x64
		{E57421D1-6170-4970-9EC5-91699949B284}.Release|x64.Build.0 = Release|x64
		{E57421D1-6170-4970-9EC5-91699949B284}.Release|x64.Deploy.0 = Release|x64
	EndGlobalSection
	GlobalSection(SolutionProperties) = preSolution
		HideSolutionNode = FALSE
	EndGlobalSection
	GlobalSection(ExtensibilityGlobals) = postSolution
		SolutionGuid = {F52B221A-AB0C-4052-837D-AFFA883A3207}
	EndGlobalSection
EndGlobal
